{
  "commitSha": "17a4d3c7b5c923e52dfd4d32420aa9ca3bdfa41e",
  "date": "2026-02-21T00:00:00.000Z",
  "patternCount": 257,
  "upstreamUrl": "https://raw.githubusercontent.com/megh-bari/pattern-craft/main/src/data/patterns.ts",
  "upstreamSourceRef": "local-fork-HEAD (no upstream commit API lookup performed)"
}
